{
  "version": 4,
  "terraform_version": "1.12.1",
  "serial": 6,
  "lineage": "3cebf4ec-b146-426b-3838-a8105d9976a8",
  "outputs": {
    "cf_space_url": {
      "value": "https://account.hanatrial.ondemand.com/trial/#/globalaccount/5c40dc57-ef5d-4407-ab06-0d68e3f8edd7/subaccount/6f9bdbea-6261-4e12-9ae1-4fdb32ab1830/org/594124c4-9115-4c71-8664-fe6111e5bb36/space/1a7f1454-955a-4895-9106-ea39de1a1a80/applications",
      "type": "string"
    }
  },
  "resources": [
    {
      "mode": "managed",
      "type": "cloudfoundry_space",
      "name": "project_space",
      "provider": "provider[\"registry.terraform.io/cloudfoundry/cloudfoundry\"]",
      "instances": [
        {
          "schema_version": 0,
          "attributes": {
            "allow_ssh": true,
            "annotations": null,
            "created_at": "2025-10-20T09:00:16Z",
            "id": "1a7f1454-955a-4895-9106-ea39de1a1a80",
            "isolation_segment": null,
            "labels": null,
            "name": "dev-project-abc",
            "org": "594124c4-9115-4c71-8664-fe6111e5bb36",
            "quota": null,
            "updated_at": "2025-10-20T09:00:16Z"
          },
          "sensitive_attributes": [],
          "identity_schema_version": 0
        }
      ]
    },
    {
      "mode": "managed",
      "type": "cloudfoundry_space_role",
      "name": "space_developer",
      "provider": "provider[\"registry.terraform.io/cloudfoundry/cloudfoundry\"]",
      "instances": [
        {
          "schema_version": 0,
          "attributes": {
            "created_at": "2025-10-20T09:00:17Z",
            "id": "7f0608bd-ab9e-4b72-9fb7-b5617c1e8ab9",
            "origin": null,
            "space": "1a7f1454-955a-4895-9106-ea39de1a1a80",
            "type": "space_developer",
            "updated_at": "2025-10-20T09:00:17Z",
            "user": "d4030b8f-fa5d-4d35-a816-ea18555be860",
            "username": "guido.jacobs@achmea.nl"
          },
          "sensitive_attributes": [
            [
              {
                "type": "get_attr",
                "value": "username"
              }
            ]
          ],
          "identity_schema_version": 0,
          "dependencies": [
            "cloudfoundry_space.project_space"
          ]
        }
      ]
    },
    {
      "mode": "managed",
      "type": "cloudfoundry_space_role",
      "name": "space_manager",
      "provider": "provider[\"registry.terraform.io/cloudfoundry/cloudfoundry\"]",
      "instances": [
        {
          "schema_version": 0,
          "attributes": {
            "created_at": "2025-10-20T09:00:17Z",
            "id": "9742b51e-0649-4b98-87ab-186f7135bb36",
            "origin": null,
            "space": "1a7f1454-955a-4895-9106-ea39de1a1a80",
            "type": "space_manager",
            "updated_at": "2025-10-20T09:00:17Z",
            "user": "d4030b8f-fa5d-4d35-a816-ea18555be860",
            "username": "guido.jacobs@achmea.nl"
          },
          "sensitive_attributes": [
            [
              {
                "type": "get_attr",
                "value": "username"
              }
            ]
          ],
          "identity_schema_version": 0,
          "dependencies": [
            "cloudfoundry_space.project_space"
          ]
        }
      ]
    }
  ],
  "check_results": [
    {
      "object_kind": "var",
      "config_addr": "var.subaccount_stage",
      "status": "pass",
      "objects": [
        {
          "object_addr": "var.subaccount_stage",
          "status": "pass"
        }
      ]
    }
  ]
}
