{
  "version": 4,
  "terraform_version": "1.13.3",
  "serial": 4,
  "lineage": "32467121-86c5-882a-d5a5-ccfec225e716",
  "outputs": {},
  "resources": [
    {
      "mode": "managed",
      "type": "cloudfoundry_space",
      "name": "project_space",
      "provider": "provider[\"registry.terraform.io/cloudfoundry/cloudfoundry\"]",
      "instances": [
        {
          "schema_version": 0,
          "attributes": {
            "allow_ssh": true,
            "annotations": null,
            "created_at": "2025-10-09T07:26:51Z",
            "id": "83c326ec-406c-40f1-87dc-49f9092d50e5",
            "isolation_segment": null,
            "labels": null,
            "name": "dev-project-abc",
            "org": "38b21447-37ab-48e4-a8e1-6b239cb52014",
            "quota": null,
            "updated_at": "2025-10-09T07:26:51Z"
          },
          "sensitive_attributes": [],
          "identity_schema_version": 0
        }
      ]
    },
    {
      "mode": "managed",
      "type": "cloudfoundry_space_role",
      "name": "space_developer",
      "provider": "provider[\"registry.terraform.io/cloudfoundry/cloudfoundry\"]",
      "instances": [
        {
          "schema_version": 0,
          "attributes": {
            "created_at": "2025-10-09T07:26:51Z",
            "id": "0aa3bd29-efd3-4319-82c8-9d640b47f779",
            "origin": null,
            "space": "83c326ec-406c-40f1-87dc-49f9092d50e5",
            "type": "space_developer",
            "updated_at": "2025-10-09T07:26:51Z",
            "user": "d4030b8f-fa5d-4d35-a816-ea18555be860",
            "username": "guido.jacobs@achmea.nl"
          },
          "sensitive_attributes": [
            [
              {
                "type": "get_attr",
                "value": "username"
              }
            ]
          ],
          "identity_schema_version": 0,
          "dependencies": [
            "cloudfoundry_space.project_space"
          ]
        }
      ]
    },
    {
      "mode": "managed",
      "type": "cloudfoundry_space_role",
      "name": "space_manager",
      "provider": "provider[\"registry.terraform.io/cloudfoundry/cloudfoundry\"]",
      "instances": [
        {
          "schema_version": 0,
          "attributes": {
            "created_at": "2025-10-09T07:26:51Z",
            "id": "d62fb824-9699-4bc6-8b04-dbdf63823dcf",
            "origin": null,
            "space": "83c326ec-406c-40f1-87dc-49f9092d50e5",
            "type": "space_manager",
            "updated_at": "2025-10-09T07:26:51Z",
            "user": "d4030b8f-fa5d-4d35-a816-ea18555be860",
            "username": "guido.jacobs@achmea.nl"
          },
          "sensitive_attributes": [
            [
              {
                "type": "get_attr",
                "value": "username"
              }
            ]
          ],
          "identity_schema_version": 0,
          "dependencies": [
            "cloudfoundry_space.project_space"
          ]
        }
      ]
    }
  ],
  "check_results": [
    {
      "object_kind": "var",
      "config_addr": "var.subaccount_stage",
      "status": "pass",
      "objects": [
        {
          "object_addr": "var.subaccount_stage",
          "status": "pass"
        }
      ]
    }
  ]
}
